# Generated by pub
# See https://dart.dev/tools/pub/glossary#lockfile
packages:
  yaansi:
    dependency: "direct main"
    description:
      name: yaansi
      sha256: f8d5c588e3d51465ac25637f63d5e80725e3715d0a17b51c867dc8ae56ca282a
      url: "https://pub.dev"
    source: hosted
    version: "1.2.0"
sdks:
  dart: ">=3.4.0 <4.0.0"
